
Microsoft Visual Studio Solution File, Format Version 12.00
# Visual Studio Version 17
VisualStudioVersion = 17.4.33122.133
MinimumVisualStudioVersion = 10.0.40219.1
Project("{FAE04EC0-301F-11D3-BF4B-00C04F79EFBC}") = "LB1_3_2023", "LB1_3_2023\LB1_3_2023.csproj", "{D8302F54-09A3-4BD1-8721-09455F0BD922}"
EndProject
Global
	GlobalSection(SolutionConfigurationPlatforms) = preSolution
		Debug|Any CPU = Debug|Any CPU
		Release|Any CPU = Release|Any CPU
	EndGlobalSection
	GlobalSection(ProjectConfigurationPlatforms) = postSolution
		{D8302F54-09A3-4BD1-8721-09455F0BD922}.Debug|Any CPU.ActiveCfg = Debug|Any CPU
		{D8302F54-09A3-4BD1-8721-09455F0BD922}.Debug|Any CPU.Build.0 = Debug|Any CPU
		{D8302F54-09A3-4BD1-8721-09455F0BD922}.Release|Any CPU.ActiveCfg = Release|Any CPU
		{D8302F54-09A3-4BD1-8721-09455F0BD922}.Release|Any CPU.Build.0 = Release|Any CPU
	EndGlobalSection
	GlobalSection(SolutionProperties) = preSolution
		HideSolutionNode = FALSE
	EndGlobalSection
	GlobalSection(ExtensibilityGlobals) = postSolution
		SolutionGuid = {0B7BDE85-8FC7-40DA-9C6E-D08A4FD98710}
	EndGlobalSection
EndGlobal
