
Microsoft Visual Studio Solution File, Format Version 12.00
# Visual Studio Version 17
VisualStudioVersion = 17.4.33122.133
MinimumVisualStudioVersion = 10.0.40219.1
Project("{FAE04EC0-301F-11D3-BF4B-00C04F79EFBC}") = "LB2_3_2023", "LB2_3_2023\LB2_3_2023.csproj", "{D744694F-4D3E-4295-9947-7C26CF978962}"
EndProject
Global
	GlobalSection(SolutionConfigurationPlatforms) = preSolution
		Debug|Any CPU = Debug|Any CPU
		Release|Any CPU = Release|Any CPU
	EndGlobalSection
	GlobalSection(ProjectConfigurationPlatforms) = postSolution
		{D744694F-4D3E-4295-9947-7C26CF978962}.Debug|Any CPU.ActiveCfg = Debug|Any CPU
		{D744694F-4D3E-4295-9947-7C26CF978962}.Debug|Any CPU.Build.0 = Debug|Any CPU
		{D744694F-4D3E-4295-9947-7C26CF978962}.Release|Any CPU.ActiveCfg = Release|Any CPU
		{D744694F-4D3E-4295-9947-7C26CF978962}.Release|Any CPU.Build.0 = Release|Any CPU
	EndGlobalSection
	GlobalSection(SolutionProperties) = preSolution
		HideSolutionNode = FALSE
	EndGlobalSection
	GlobalSection(ExtensibilityGlobals) = postSolution
		SolutionGuid = {0786DF98-11BA-49E0-8AFC-F77CA24C856B}
	EndGlobalSection
EndGlobal
